<?xml version="1.0" encoding="utf-8"?>
<Project ToolsVersion="4.0" xmlns="http://schemas.microsoft.com/developer/msbuild/2003">
  <ItemGroup>
    <Filter Include="Исходные файлы">
      <UniqueIdentifier>{4FC737F1-C7A5-4376-A066-2A32D752A2FF}</UniqueIdentifier>
      <Extensions>cpp;c;cc;cxx;c++;cppm;ixx;def;odl;idl;hpj;bat;asm;asmx</Extensions>
    </Filter>
    <Filter Include="Файлы заголовков">
      <UniqueIdentifier>{93995380-89BD-4b04-88EB-625FBE52EBFB}</UniqueIdentifier>
      <Extensions>h;hh;hpp;hxx;h++;hm;inl;inc;ipp;xsd</Extensions>
    </Filter>
    <Filter Include="Файлы ресурсов">
      <UniqueIdentifier>{67DA6AB6-F800-4c08-8B7A-83BB121AAD01}</UniqueIdentifier>
      <Extensions>rc;ico;cur;bmp;dlg;rc2;rct;bin;rgs;gif;jpg;jpeg;jpe;resx;tiff;tif;png;wav;mfcribbon-ms</Extensions>
    </Filter>
    <Filter Include="Mappers">
      <UniqueIdentifier>{87c35546-0d02-4f5d-8cd5-20e5b8d931dd}</UniqueIdentifier>
    </Filter>
    <Filter Include="palletes">
      <UniqueIdentifier>{9eee3fb7-cb32-4905-8c64-7c9bc2c46686}</UniqueIdentifier>
    </Filter>
    <Filter Include="Visualize helper">
      <UniqueIdentifier>{74af3344-ca77-4ddb-814a-2b8f7b60c9ea}</UniqueIdentifier>
    </Filter>
  </ItemGroup>
  <ItemGroup>
    <ClCompile Include="cpu.c">
      <Filter>Исходные файлы</Filter>
    </ClCompile>
    <ClCompile Include="gamepad.c">
      <Filter>Исходные файлы</Filter>
    </ClCompile>
    <ClCompile Include="main.c">
      <Filter>Исходные файлы</Filter>
    </ClCompile>
    <ClCompile Include="bus.c">
      <Filter>Исходные файлы</Filter>
    </ClCompile>
    <ClCompile Include="ppu.c">
      <Filter>Исходные файлы</Filter>
    </ClCompile>
    <ClCompile Include="cartridge.c">
      <Filter>Исходные файлы</Filter>
    </ClCompile>
    <ClCompile Include="NROM.c">
      <Filter>Mappers</Filter>
    </ClCompile>
    <ClCompile Include="MMC1.c">
      <Filter>Mappers</Filter>
    </ClCompile>
    <ClCompile Include="ppu_helper.c">
      <Filter>Visualize helper</Filter>
    </ClCompile>
    <ClCompile Include="Logger.c">
      <Filter>Исходные файлы</Filter>
    </ClCompile>
  </ItemGroup>
  <ItemGroup>
    <ClInclude Include="cpu.h">
      <Filter>Файлы заголовков</Filter>
    </ClInclude>
    <ClInclude Include="main.h">
      <Filter>Файлы заголовков</Filter>
    </ClInclude>
    <ClInclude Include="bus.h">
      <Filter>Файлы заголовков</Filter>
    </ClInclude>
    <ClInclude Include="ppu.h">
      <Filter>Файлы заголовков</Filter>
    </ClInclude>
    <ClInclude Include="cartridge.h">
      <Filter>Файлы заголовков</Filter>
    </ClInclude>
    <ClInclude Include="mapper.h">
      <Filter>Файлы заголовков</Filter>
    </ClInclude>
    <ClInclude Include="NROM.h">
      <Filter>Mappers</Filter>
    </ClInclude>
    <ClInclude Include="MMC1.h">
      <Filter>Mappers</Filter>
    </ClInclude>
    <ClInclude Include="ppu_helper.h">
      <Filter>Visualize helper</Filter>
    </ClInclude>
    <ClInclude Include="Logger.h">
      <Filter>Файлы заголовков</Filter>
    </ClInclude>
  </ItemGroup>
  <ItemGroup>
    <None Include="current_pallete.pal">
      <Filter>palletes</Filter>
    </None>
  </ItemGroup>
</Project>